
Microsoft Visual Studio Solution File, Format Version 12.00
# Visual Studio 14
VisualStudioVersion = 14.0.23107.0
MinimumVisualStudioVersion = 10.0.40219.1
Project("{FAE04EC0-301F-11D3-BF4B-00C04F79EFBC}") = "lolirift", "lolirift\lolirift.csproj", "{6EEC42BA-933E-442D-917F-248AE722811E}"
EndProject
Project("{FAE04EC0-301F-11D3-BF4B-00C04F79EFBC}") = "lolirift.Host", "lolirift.Host\lolirift.Host.csproj", "{B50DC966-3ED6-4893-B40A-67A4813DD030}"
EndProject
Project("{2150E333-8FDC-42A3-9474-1A3956D46DE8}") = "Libs", "Libs", "{DC725E0D-BB92-4376-981C-707FE028FF92}"
	ProjectSection(SolutionItems) = preProject
		Libs\fun.Core.dll = Libs\fun.Core.dll
		Libs\fun.IO.dll = Libs\fun.IO.dll
		Libs\websocket-sharp.dll = Libs\websocket-sharp.dll
	EndProjectSection
EndProject
Project("{FAE04EC0-301F-11D3-BF4B-00C04F79EFBC}") = "lolirift.Client", "lolirift.Client\lolirift.Client.csproj", "{55867AA2-135A-428B-9225-626AFE486CD1}"
EndProject
Project("{FAE04EC0-301F-11D3-BF4B-00C04F79EFBC}") = "lolirift.Client.OpenGL", "lolirift.Client.OpenGL\lolirift.Client.OpenGL.csproj", "{A839854D-E3FE-4DEF-8820-D02DD605E7F7}"
EndProject
Project("{FAE04EC0-301F-11D3-BF4B-00C04F79EFBC}") = "lolirift.Client.MonoGame", "lolirift.Client.MonoGame\lolirift.Client.MonoGame.csproj", "{F07E4E10-2757-4B0A-8FC9-E0D3BCD73B00}"
EndProject
Global
	GlobalSection(SolutionConfigurationPlatforms) = preSolution
		Debug|Any CPU = Debug|Any CPU
		Release|Any CPU = Release|Any CPU
	EndGlobalSection
	GlobalSection(ProjectConfigurationPlatforms) = postSolution
		{6EEC42BA-933E-442D-917F-248AE722811E}.Debug|Any CPU.ActiveCfg = Debug|Any CPU
		{6EEC42BA-933E-442D-917F-248AE722811E}.Debug|Any CPU.Build.0 = Debug|Any CPU
		{6EEC42BA-933E-442D-917F-248AE722811E}.Release|Any CPU.ActiveCfg = Release|Any CPU
		{6EEC42BA-933E-442D-917F-248AE722811E}.Release|Any CPU.Build.0 = Release|Any CPU
		{B50DC966-3ED6-4893-B40A-67A4813DD030}.Debug|Any CPU.ActiveCfg = Debug|Any CPU
		{B50DC966-3ED6-4893-B40A-67A4813DD030}.Debug|Any CPU.Build.0 = Debug|Any CPU
		{B50DC966-3ED6-4893-B40A-67A4813DD030}.Release|Any CPU.ActiveCfg = Release|Any CPU
		{B50DC966-3ED6-4893-B40A-67A4813DD030}.Release|Any CPU.Build.0 = Release|Any CPU
		{55867AA2-135A-428B-9225-626AFE486CD1}.Debug|Any CPU.ActiveCfg = Debug|Any CPU
		{55867AA2-135A-428B-9225-626AFE486CD1}.Debug|Any CPU.Build.0 = Debug|Any CPU
		{55867AA2-135A-428B-9225-626AFE486CD1}.Release|Any CPU.ActiveCfg = Release|Any CPU
		{55867AA2-135A-428B-9225-626AFE486CD1}.Release|Any CPU.Build.0 = Release|Any CPU
		{A839854D-E3FE-4DEF-8820-D02DD605E7F7}.Debug|Any CPU.ActiveCfg = Debug|Any CPU
		{A839854D-E3FE-4DEF-8820-D02DD605E7F7}.Debug|Any CPU.Build.0 = Debug|Any CPU
		{A839854D-E3FE-4DEF-8820-D02DD605E7F7}.Release|Any CPU.ActiveCfg = Release|Any CPU
		{A839854D-E3FE-4DEF-8820-D02DD605E7F7}.Release|Any CPU.Build.0 = Release|Any CPU
		{F07E4E10-2757-4B0A-8FC9-E0D3BCD73B00}.Debug|Any CPU.ActiveCfg = Debug|Any CPU
		{F07E4E10-2757-4B0A-8FC9-E0D3BCD73B00}.Debug|Any CPU.Build.0 = Debug|Any CPU
		{F07E4E10-2757-4B0A-8FC9-E0D3BCD73B00}.Release|Any CPU.ActiveCfg = Release|Any CPU
		{F07E4E10-2757-4B0A-8FC9-E0D3BCD73B00}.Release|Any CPU.Build.0 = Release|Any CPU
	EndGlobalSection
	GlobalSection(SolutionProperties) = preSolution
		HideSolutionNode = FALSE
	EndGlobalSection
EndGlobal
